
Microsoft Visual Studio Solution File, Format Version 12.00
# Visual Studio Version 17
VisualStudioVersion = 17.5.33516.290
MinimumVisualStudioVersion = 10.0.40219.1
Project("{FAE04EC0-301F-11D3-BF4B-00C04F79EFBC}") = "Lab10_C#", "Lab10_C#.csproj", "{C931CE45-29B3-434C-BC49-1AA39EE8F5C8}"
EndProject
Project("{FAE04EC0-301F-11D3-BF4B-00C04F79EFBC}") = "10LabLibrary", "..\10LabLibrary\10LabLibrary.csproj", "{3DD9C689-052F-454F-8FCF-28A9664A28F1}"
EndProject
Project("{FAE04EC0-301F-11D3-BF4B-00C04F79EFBC}") = "TestsFor10Lab", "..\TestsFor10Lab\TestsFor10Lab.csproj", "{DA37EB88-5CB8-47DB-97F2-60DB9789C4C1}"
EndProject
Global
	GlobalSection(SolutionConfigurationPlatforms) = preSolution
		Debug|Any CPU = Debug|Any CPU
		Release|Any CPU = Release|Any CPU
	EndGlobalSection
	GlobalSection(ProjectConfigurationPlatforms) = postSolution
		{C931CE45-29B3-434C-BC49-1AA39EE8F5C8}.Debug|Any CPU.ActiveCfg = Debug|Any CPU
		{C931CE45-29B3-434C-BC49-1AA39EE8F5C8}.Debug|Any CPU.Build.0 = Debug|Any CPU
		{C931CE45-29B3-434C-BC49-1AA39EE8F5C8}.Release|Any CPU.ActiveCfg = Release|Any CPU
		{C931CE45-29B3-434C-BC49-1AA39EE8F5C8}.Release|Any CPU.Build.0 = Release|Any CPU
		{3DD9C689-052F-454F-8FCF-28A9664A28F1}.Debug|Any CPU.ActiveCfg = Debug|Any CPU
		{3DD9C689-052F-454F-8FCF-28A9664A28F1}.Debug|Any CPU.Build.0 = Debug|Any CPU
		{3DD9C689-052F-454F-8FCF-28A9664A28F1}.Release|Any CPU.ActiveCfg = Release|Any CPU
		{3DD9C689-052F-454F-8FCF-28A9664A28F1}.Release|Any CPU.Build.0 = Release|Any CPU
		{DA37EB88-5CB8-47DB-97F2-60DB9789C4C1}.Debug|Any CPU.ActiveCfg = Debug|Any CPU
		{DA37EB88-5CB8-47DB-97F2-60DB9789C4C1}.Debug|Any CPU.Build.0 = Debug|Any CPU
		{DA37EB88-5CB8-47DB-97F2-60DB9789C4C1}.Release|Any CPU.ActiveCfg = Release|Any CPU
		{DA37EB88-5CB8-47DB-97F2-60DB9789C4C1}.Release|Any CPU.Build.0 = Release|Any CPU
	EndGlobalSection
	GlobalSection(SolutionProperties) = preSolution
		HideSolutionNode = FALSE
	EndGlobalSection
	GlobalSection(ExtensibilityGlobals) = postSolution
		SolutionGuid = {3C472A8F-F1FA-4C2F-8AE2-66D74CC7A813}
	EndGlobalSection
EndGlobal
